
Microsoft Visual Studio Solution File, Format Version 12.00
# Visual Studio 15
VisualStudioVersion = 15.0.28307.1758
MinimumVisualStudioVersion = 10.0.40219.1
Project("{159641D6-6404-4A2A-AE62-294DE0FE8301}") = "ETL-Telecom-project", "ETL-Telecom-project\ETL-Telecom-project.dtproj", "{9F4576D1-AFAF-4BB7-AB56-498B0CA8425B}"
EndProject
Global
	GlobalSection(SolutionConfigurationPlatforms) = preSolution
		Development|Default = Development|Default
	EndGlobalSection
	GlobalSection(ProjectConfigurationPlatforms) = postSolution
		{9F4576D1-AFAF-4BB7-AB56-498B0CA8425B}.Development|Default.ActiveCfg = Development
		{9F4576D1-AFAF-4BB7-AB56-498B0CA8425B}.Development|Default.Build.0 = Development
	EndGlobalSection
	GlobalSection(SolutionProperties) = preSolution
		HideSolutionNode = FALSE
	EndGlobalSection
	GlobalSection(ExtensibilityGlobals) = postSolution
		SolutionGuid = {887237E1-875B-4323-BACF-F7D1E8D2F691}
	EndGlobalSection
EndGlobal
